<?xml version="1.0" encoding="utf-8"?>
<Project ToolsVersion="4.0" xmlns="http://schemas.microsoft.com/developer/msbuild/2003">
  <ItemGroup>
    <Filter Include="00.Scene">
      <UniqueIdentifier>{b45ffb2f-8a6a-45ac-8ecc-6ef1e1a66921}</UniqueIdentifier>
    </Filter>
    <Filter Include="01.Script">
      <UniqueIdentifier>{96ce5319-3e93-4ccb-b6c2-5f226ec531a8}</UniqueIdentifier>
    </Filter>
    <Filter Include="02.Load">
      <UniqueIdentifier>{92693911-01df-448e-81a0-406b094eac51}</UniqueIdentifier>
    </Filter>
    <Filter Include="99.Headers">
      <UniqueIdentifier>{0f8a2bcb-4b3f-42e9-8a9d-31f8a3410609}</UniqueIdentifier>
    </Filter>
    <Filter Include="00.Scene\Dev">
      <UniqueIdentifier>{028128f8-86a4-4ef3-a6cd-0e8fe0013e22}</UniqueIdentifier>
    </Filter>
    <Filter Include="00.Scene\Game">
      <UniqueIdentifier>{d8fbaaf7-40e1-4252-888a-af46953536e3}</UniqueIdentifier>
    </Filter>
    <Filter Include="01.Script\GameControllActor">
      <UniqueIdentifier>{d566b7d2-b6a4-48ab-aad2-5349eba8b2bf}</UniqueIdentifier>
    </Filter>
  </ItemGroup>
  <ItemGroup>
    <ClInclude Include="LoadScene.h">
      <Filter>02.Load</Filter>
    </ClInclude>
    <ClInclude Include="LoadResource.h">
      <Filter>02.Load</Filter>
    </ClInclude>
    <ClInclude Include="CPlayerInput.h">
      <Filter>01.Script</Filter>
    </ClInclude>
    <ClInclude Include="LoadUI.h">
      <Filter>02.Load</Filter>
    </ClInclude>
    <ClInclude Include="CDummy.h">
      <Filter>01.Script</Filter>
    </ClInclude>
    <ClInclude Include="ContentEnums.h">
      <Filter>99.Headers</Filter>
    </ClInclude>
    <ClInclude Include="Types.h">
      <Filter>99.Headers</Filter>
    </ClInclude>
    <ClInclude Include="CPlayScene.h">
      <Filter>00.Scene\Game</Filter>
    </ClInclude>
    <ClInclude Include="CTitleScene.h">
      <Filter>00.Scene\Game</Filter>
    </ClInclude>
    <ClInclude Include="CDevScene.h">
      <Filter>00.Scene\Dev</Filter>
    </ClInclude>
    <ClInclude Include="CPlayerControllActor.h">
      <Filter>01.Script</Filter>
    </ClInclude>
    <ClInclude Include="CGameControllActor.h">
      <Filter>01.Script\GameControllActor</Filter>
    </ClInclude>
  </ItemGroup>
  <ItemGroup>
    <ClCompile Include="CPlayerInput.cpp">
      <Filter>01.Script</Filter>
    </ClCompile>
    <ClCompile Include="CDummy.cpp">
      <Filter>01.Script</Filter>
    </ClCompile>
    <ClCompile Include="CPlayScene.cpp">
      <Filter>00.Scene\Game</Filter>
    </ClCompile>
    <ClCompile Include="CTitleScene.cpp">
      <Filter>00.Scene\Game</Filter>
    </ClCompile>
    <ClCompile Include="CDevScene.cpp">
      <Filter>00.Scene\Dev</Filter>
    </ClCompile>
    <ClCompile Include="CPlayerControllActor.cpp">
      <Filter>01.Script</Filter>
    </ClCompile>
    <ClCompile Include="CGameControllActor.cpp">
      <Filter>01.Script\GameControllActor</Filter>
    </ClCompile>
  </ItemGroup>
  <ItemGroup>
    <None Include="cpp.hint" />
  </ItemGroup>
</Project>